
Microsoft Visual Studio Solution File, Format Version 12.00
# Visual Studio 15
VisualStudioVersion = 15.0.27130.2036
MinimumVisualStudioVersion = 10.0.40219.1
Project("{FAE04EC0-301F-11D3-BF4B-00C04F79EFBC}") = "Empregando.Domain", "Empregando.Domain\Empregando.Domain.csproj", "{13B88716-7F91-43C8-BD56-D841CCEAE4C1}"
EndProject
Project("{FAE04EC0-301F-11D3-BF4B-00C04F79EFBC}") = "Empregando.API", "Empregando.API\Empregando.API.csproj", "{502CAE2E-BDF8-40DF-A8FB-570EBD26713C}"
EndProject
Project("{FAE04EC0-301F-11D3-BF4B-00C04F79EFBC}") = "Empregando.Data", "Empregando.Data\Empregando.Data.csproj", "{0363935A-842E-4DE1-9227-96D7B56F8A83}"
EndProject
Project("{2150E333-8FDC-42A3-9474-1A3956D46DE8}") = "Administrativo", "Administrativo", "{C41E9D00-B790-4294-9A16-10DE6DF99EB9}"
EndProject
Project("{2150E333-8FDC-42A3-9474-1A3956D46DE8}") = "Publicação", "Publicação", "{06CA03E5-0C45-44B1-8666-5C5DBF241737}"
EndProject
Project("{2150E333-8FDC-42A3-9474-1A3956D46DE8}") = "Relatórios", "Relatórios", "{BDA496EA-1995-4D25-A4F5-164CA9B4C519}"
EndProject
Global
	GlobalSection(SolutionConfigurationPlatforms) = preSolution
		Debug|Any CPU = Debug|Any CPU
		Release|Any CPU = Release|Any CPU
	EndGlobalSection
	GlobalSection(ProjectConfigurationPlatforms) = postSolution
		{13B88716-7F91-43C8-BD56-D841CCEAE4C1}.Debug|Any CPU.ActiveCfg = Debug|Any CPU
		{13B88716-7F91-43C8-BD56-D841CCEAE4C1}.Debug|Any CPU.Build.0 = Debug|Any CPU
		{13B88716-7F91-43C8-BD56-D841CCEAE4C1}.Release|Any CPU.ActiveCfg = Release|Any CPU
		{13B88716-7F91-43C8-BD56-D841CCEAE4C1}.Release|Any CPU.Build.0 = Release|Any CPU
		{502CAE2E-BDF8-40DF-A8FB-570EBD26713C}.Debug|Any CPU.ActiveCfg = Debug|Any CPU
		{502CAE2E-BDF8-40DF-A8FB-570EBD26713C}.Debug|Any CPU.Build.0 = Debug|Any CPU
		{502CAE2E-BDF8-40DF-A8FB-570EBD26713C}.Release|Any CPU.ActiveCfg = Release|Any CPU
		{502CAE2E-BDF8-40DF-A8FB-570EBD26713C}.Release|Any CPU.Build.0 = Release|Any CPU
		{0363935A-842E-4DE1-9227-96D7B56F8A83}.Debug|Any CPU.ActiveCfg = Debug|Any CPU
		{0363935A-842E-4DE1-9227-96D7B56F8A83}.Debug|Any CPU.Build.0 = Debug|Any CPU
		{0363935A-842E-4DE1-9227-96D7B56F8A83}.Release|Any CPU.ActiveCfg = Release|Any CPU
		{0363935A-842E-4DE1-9227-96D7B56F8A83}.Release|Any CPU.Build.0 = Release|Any CPU
	EndGlobalSection
	GlobalSection(SolutionProperties) = preSolution
		HideSolutionNode = FALSE
	EndGlobalSection
	GlobalSection(NestedProjects) = preSolution
		{13B88716-7F91-43C8-BD56-D841CCEAE4C1} = {C41E9D00-B790-4294-9A16-10DE6DF99EB9}
		{502CAE2E-BDF8-40DF-A8FB-570EBD26713C} = {C41E9D00-B790-4294-9A16-10DE6DF99EB9}
		{0363935A-842E-4DE1-9227-96D7B56F8A83} = {C41E9D00-B790-4294-9A16-10DE6DF99EB9}
	EndGlobalSection
	GlobalSection(ExtensibilityGlobals) = postSolution
		SolutionGuid = {52372226-A805-4650-87DD-B0AC70559520}
	EndGlobalSection
EndGlobal
